// !$*UTF8*$!
{
	archiveVersion = 1;
	classes = {
	};
	objectVersion = 48;
	objects = {

/* Begin PBXBuildFile section */
		DB6FB08B1F4DC60E0035D78A /* AppDelegate.swift in Sources */ = {isa = PBXBuildFile; fileRef = DB6FB08A1F4DC60E0035D78A /* AppDelegate.swift */; };
		DB6FB08D1F4DC60E0035D78A /* ViewController.swift in Sources */ = {isa = PBXBuildFile; fileRef = DB6FB08C1F4DC60E0035D78A /* ViewController.swift */; };
		DB6FB0901F4DC60E0035D78A /* Main.storyboard in Resources */ = {isa = PBXBuildFile; fileRef = DB6FB08E1F4DC60E0035D78A /* Main.storyboard */; };
		DB6FB0921F4DC60E0035D78A /* Assets.xcassets in Resources */ = {isa = PBXBuildFile; fileRef = DB6FB0911F4DC60E0035D78A /* Assets.xcassets */; };
		DB6FB0951F4DC60E0035D78A /* LaunchScreen.storyboard in Resources */ = {isa = PBXBuildFile; fileRef = DB6FB0931F4DC60E0035D78A /* LaunchScreen.storyboard */; };
		DB6FB0A01F4DC60E0035D78A /* memorable_placesTests.swift in Sources */ = {isa = PBXBuildFile; fileRef = DB6FB09F1F4DC60E0035D78A /* memorable_placesTests.swift */; };
		DB6FB0AB1F4DC60E0035D78A /* memorable_placesUITests.swift in Sources */ = {isa = PBXBuildFile; fileRef = DB6FB0AA1F4DC60E0035D78A /* memorable_placesUITests.swift */; };
		DB6FB0B91F4DC9180035D78A /* TableViewController.swift in Sources */ = {isa = PBXBuildFile; fileRef = DB6FB0B81F4DC9180035D78A /* TableViewController.swift */; };
		DB6FB0BC1F4DCB6C0035D78A /* CoreData.framework in Frameworks */ = {isa = PBXBuildFile; fileRef = DB6FB0BB1F4DCB6C0035D78A /* CoreData.framework */; };
/* End PBXBuildFile section */

/* Begin PBXContainerItemProxy section */
		DB6FB09C1F4DC60E0035D78A /* PBXContainerItemProxy */ = {
			isa = PBXContainerItemProxy;
			containerPortal = DB6FB07F1F4DC60E0035D78A /* Project object */;
			proxyType = 1;
			remoteGlobalIDString = DB6FB0861F4DC60E0035D78A;
			remoteInfo = "memorable-places";
		};
		DB6FB0A71F4DC60E0035D78A /* PBXContainerItemProxy */ = {
			isa = PBXContainerItemProxy;
			containerPortal = DB6FB07F1F4DC60E0035D78A /* Project object */;
			proxyType = 1;
			remoteGlobalIDString = DB6FB0861F4DC60E0035D78A;
			remoteInfo = "memorable-places";
		};
/* End PBXContainerItemProxy section */

/* Begin PBXFileReference section */
		DB6FB0871F4DC60E0035D78A /* memorable-places.app */ = {isa = PBXFileReference; explicitFileType = wrapper.application; includeInIndex = 0; path = "memorable-places.app"; sourceTree = BUILT_PRODUCTS_DIR; };
		DB6FB08A1F4DC60E0035D78A /* AppDelegate.swift */ = {isa = PBXFileReference; lastKnownFileType = sourcecode.swift; path = AppDelegate.swift; sourceTree = "<group>"; };
		DB6FB08C1F4DC60E0035D78A /* ViewController.swift */ = {isa = PBXFileReference; lastKnownFileType = sourcecode.swift; path = ViewController.swift; sourceTree = "<group>"; };
		DB6FB08F1F4DC60E0035D78A /* Base */ = {isa = PBXFileReference; lastKnownFileType = file.storyboard; name = Base; path = Base.lproj/Main.storyboard; sourceTree = "<group>"; };
		DB6FB0911F4DC60E0035D78A /* Assets.xcassets */ = {isa = PBXFileReference; lastKnownFileType = folder.assetcatalog; path = Assets.xcassets; sourceTree = "<group>"; };
		DB6FB0941F4DC60E0035D78A /* Base */ = {isa = PBXFileReference; lastKnownFileType = file.storyboard; name = Base; path = Base.lproj/LaunchScreen.storyboard; sourceTree = "<group>"; };
		DB6FB0961F4DC60E0035D78A /* Info.plist */ = {isa = PBXFileReference; lastKnownFileType = text.plist.xml; path = Info.plist; sourceTree = "<group>"; };
		DB6FB09B1F4DC60E0035D78A /* memorable-placesTests.xctest */ = {isa = PBXFileReference; explicitFileType = wrapper.cfbundle; includeInIndex = 0; path = "memorable-placesTests.xctest"; sourceTree = BUILT_PRODUCTS_DIR; };
		DB6FB09F1F4DC60E0035D78A /* memorable_placesTests.swift */ = {isa = PBXFileReference; lastKnownFileType = sourcecode.swift; path = memorable_placesTests.swift; sourceTree = "<group>"; };
		DB6FB0A11F4DC60E0035D78A /* Info.plist */ = {isa = PBXFileReference; lastKnownFileType = text.plist.xml; path = Info.plist; sourceTree = "<group>"; };
		DB6FB0A61F4DC60E0035D78A /* memorable-placesUITests.xctest */ = {isa = PBXFileReference; explicitFileType = wrapper.cfbundle; includeInIndex = 0; path = "memorable-placesUITests.xctest"; sourceTree = BUILT_PRODUCTS_DIR; };
		DB6FB0AA1F4DC60E0035D78A /* memorable_placesUITests.swift */ = {isa = PBXFileReference; lastKnownFileType = sourcecode.swift; path = memorable_placesUITests.swift; sourceTree = "<group>"; };
		DB6FB0AC1F4DC60E0035D78A /* Info.plist */ = {isa = PBXFileReference; lastKnownFileType = text.plist.xml; path = Info.plist; sourceTree = "<group>"; };
		DB6FB0B81F4DC9180035D78A /* TableViewController.swift */ = {isa = PBXFileReference; lastKnownFileType = sourcecode.swift; path = TableViewController.swift; sourceTree = "<group>"; };
		DB6FB0BB1F4DCB6C0035D78A /* CoreData.framework */ = {isa = PBXFileReference; lastKnownFileType = wrapper.framework; name = CoreData.framework; path = System/Library/Frameworks/CoreData.framework; sourceTree = SDKROOT; };
/* End PBXFileReference section */

/* Begin PBXFrameworksBuildPhase section */
		DB6FB0841F4DC60E0035D78A /* Frameworks */ = {
			isa = PBXFrameworksBuildPhase;
			buildActionMask = 2147483647;
			files = (
				DB6FB0BC1F4DCB6C0035D78A /* CoreData.framework in Frameworks */,
			);
			runOnlyForDeploymentPostprocessing = 0;
		};
		DB6FB0981F4DC60E0035D78A /* Frameworks */ = {
			isa = PBXFrameworksBuildPhase;
			buildActionMask = 2147483647;
			files = (
			);
			runOnlyForDeploymentPostprocessing = 0;
		};
		DB6FB0A31F4DC60E0035D78A /* Frameworks */ = {
			isa = PBXFrameworksBuildPhase;
			buildActionMask = 2147483647;
			files = (
			);
			runOnlyForDeploymentPostprocessing = 0;
		};
/* End PBXFrameworksBuildPhase section */

/* Begin PBXGroup section */
		DB6FB07E1F4DC60E0035D78A = {
			isa = PBXGroup;
			children = (
				DB6FB0891F4DC60E0035D78A /* memorable-places */,
				DB6FB09E1F4DC60E0035D78A /* memorable-placesTests */,
				DB6FB0A91F4DC60E0035D78A /* memorable-placesUITests */,
				DB6FB0881F4DC60E0035D78A /* Products */,
				DB6FB0BA1F4DCB6C0035D78A /* Frameworks */,
			);
			sourceTree = "<group>";
		};
		DB6FB0881F4DC60E0035D78A /* Products */ = {
			isa = PBXGroup;
			children = (
				DB6FB0871F4DC60E0035D78A /* memorable-places.app */,
				DB6FB09B1F4DC60E0035D78A /* memorable-placesTests.xctest */,
				DB6FB0A61F4DC60E0035D78A /* memorable-placesUITests.xctest */,
			);
			name = Products;
			sourceTree = "<group>";
		};
		DB6FB0891F4DC60E0035D78A /* memorable-places */ = {
			isa = PBXGroup;
			children = (
				DB6FB08A1F4DC60E0035D78A /* AppDelegate.swift */,
				DB6FB08C1F4DC60E0035D78A /* ViewController.swift */,
				DB6FB0B81F4DC9180035D78A /* TableViewController.swift */,
				DB6FB08E1F4DC60E0035D78A /* Main.storyboard */,
				DB6FB0911F4DC60E0035D78A /* Assets.xcassets */,
				DB6FB0931F4DC60E0035D78A /* LaunchScreen.storyboard */,
				DB6FB0961F4DC60E0035D78A /* Info.plist */,
			);
			path = "memorable-places";
			sourceTree = "<group>";
		};
		DB6FB09E1F4DC60E0035D78A /* memorable-placesTests */ = {
			isa = PBXGroup;
			children = (
				DB6FB09F1F4DC60E0035D78A /* memorable_placesTests.swift */,
				DB6FB0A11F4DC60E0035D78A /* Info.plist */,
			);
			path = "memorable-placesTests";
			sourceTree = "<group>";
		};
		DB6FB0A91F4DC60E0035D78A /* memorable-placesUITests */ = {
			isa = PBXGroup;
			children = (
				DB6FB0AA1F4DC60E0035D78A /* memorable_placesUITests.swift */,
				DB6FB0AC1F4DC60E0035D78A /* Info.plist */,
			);
			path = "memorable-placesUITests";
			sourceTree = "<group>";
		};
		DB6FB0BA1F4DCB6C0035D78A /* Frameworks */ = {
			isa = PBXGroup;
			children = (
				DB6FB0BB1F4DCB6C0035D78A /* CoreData.framework */,
			);
			name = Frameworks;
			sourceTree = "<group>";
		};
/* End PBXGroup section */

/* Begin PBXNativeTarget section */
		DB6FB0861F4DC60E0035D78A /* memorable-places */ = {
			isa = PBXNativeTarget;
			buildConfigurationList = DB6FB0AF1F4DC60E0035D78A /* Build configuration list for PBXNativeTarget "memorable-places" */;
			buildPhases = (
				DB6FB0831F4DC60E0035D78A /* Sources */,
				DB6FB0841F4DC60E0035D78A /* Frameworks */,
				DB6FB0851F4DC60E0035D78A /* Resources */,
			);
			buildRules = (
			);
			dependencies = (
			);
			name = "memorable-places";
			productName = "memorable-places";
			productReference = DB6FB0871F4DC60E0035D78A /* memorable-places.app */;
			productType = "com.apple.product-type.application";
		};
		DB6FB09A1F4DC60E0035D78A /* memorable-placesTests */ = {
			isa = PBXNativeTarget;
			buildConfigurationList = DB6FB0B21F4DC60E0035D78A /* Build configuration list for PBXNativeTarget "memorable-placesTests" */;
			buildPhases = (
				DB6FB0971F4DC60E0035D78A /* Sources */,
				DB6FB0981F4DC60E0035D78A /* Frameworks */,
				DB6FB0991F4DC60E0035D78A /* Resources */,
			);
			buildRules = (
			);
			dependencies = (
				DB6FB09D1F4DC60E0035D78A /* PBXTargetDependency */,
			);
			name = "memorable-placesTests";
			productName = "memorable-placesTests";
			productReference = DB6FB09B1F4DC60E0035D78A /* memorable-placesTests.xctest */;
			productType = "com.apple.product-type.bundle.unit-test";
		};
		DB6FB0A51F4DC60E0035D78A /* memorable-placesUITests */ = {
			isa = PBXNativeTarget;
			buildConfigurationList = DB6FB0B51F4DC60E0035D78A /* Build configuration list for PBXNativeTarget "memorable-placesUITests" */;
			buildPhases = (
				DB6FB0A21F4DC60E0035D78A /* Sources */,
				DB6FB0A31F4DC60E0035D78A /* Frameworks */,
				DB6FB0A41F4DC60E0035D78A /* Resources */,
			);
			buildRules = (
			);
			dependencies = (
				DB6FB0A81F4DC60E0035D78A /* PBXTargetDependency */,
			);
			name = "memorable-placesUITests";
			productName = "memorable-placesUITests";
			productReference = DB6FB0A61F4DC60E0035D78A /* memorable-placesUITests.xctest */;
			productType = "com.apple.product-type.bundle.ui-testing";
		};
/* End PBXNativeTarget section */

/* Begin PBXProject section */
		DB6FB07F1F4DC60E0035D78A /* Project object */ = {
			isa = PBXProject;
			attributes = {
				LastSwiftUpdateCheck = 0900;
				LastUpgradeCheck = 0900;
				ORGANIZATIONNAME = "Dan Austin";
				TargetAttributes = {
					DB6FB0861F4DC60E0035D78A = {
						CreatedOnToolsVersion = 9.0;
						ProvisioningStyle = Automatic;
					};
					DB6FB09A1F4DC60E0035D78A = {
						CreatedOnToolsVersion = 9.0;
						ProvisioningStyle = Automatic;
						TestTargetID = DB6FB0861F4DC60E0035D78A;
					};
					DB6FB0A51F4DC60E0035D78A = {
						CreatedOnToolsVersion = 9.0;
						ProvisioningStyle = Automatic;
						TestTargetID = DB6FB0861F4DC60E0035D78A;
					};
				};
			};
			buildConfigurationList = DB6FB0821F4DC60E0035D78A /* Build configuration list for PBXProject "memorable-places" */;
			compatibilityVersion = "Xcode 8.0";
			developmentRegion = en;
			hasScannedForEncodings = 0;
			knownRegions = (
				en,
				Base,
			);
			mainGroup = DB6FB07E1F4DC60E0035D78A;
			productRefGroup = DB6FB0881F4DC60E0035D78A /* Products */;
			projectDirPath = "";
			projectRoot = "";
			targets = (
				DB6FB0861F4DC60E0035D78A /* memorable-places */,
				DB6FB09A1F4DC60E0035D78A /* memorable-placesTests */,
				DB6FB0A51F4DC60E0035D78A /* memorable-placesUITests */,
			);
		};
/* End PBXProject section */

/* Begin PBXResourcesBuildPhase section */
		DB6FB0851F4DC60E0035D78A /* Resources */ = {
			isa = PBXResourcesBuildPhase;
			buildActionMask = 2147483647;
			files = (
				DB6FB0951F4DC60E0035D78A /* LaunchScreen.storyboard in Resources */,
				DB6FB0921F4DC60E0035D78A /* Assets.xcassets in Resources */,
				DB6FB0901F4DC60E0035D78A /* Main.storyboard in Resources */,
			);
			runOnlyForDeploymentPostprocessing = 0;
		};
		DB6FB0991F4DC60E0035D78A /* Resources */ = {
			isa = PBXResourcesBuildPhase;
			buildActionMask = 2147483647;
			files = (
			);
			runOnlyForDeploymentPostprocessing = 0;
		};
		DB6FB0A41F4DC60E0035D78A /* Resources */ = {
			isa = PBXResourcesBuildPhase;
			buildActionMask = 2147483647;
			files = (
			);
			runOnlyForDeploymentPostprocessing = 0;
		};
/* End PBXResourcesBuildPhase section */

/* Begin PBXSourcesBuildPhase section */
		DB6FB0831F4DC60E0035D78A /* Sources */ = {
			isa = PBXSourcesBuildPhase;
			buildActionMask = 2147483647;
			files = (
				DB6FB08D1F4DC60E0035D78A /* ViewController.swift in Sources */,
				DB6FB0B91F4DC9180035D78A /* TableViewController.swift in Sources */,
				DB6FB08B1F4DC60E0035D78A /* AppDelegate.swift in Sources */,
			);
			runOnlyForDeploymentPostprocessing = 0;
		};
		DB6FB0971F4DC60E0035D78A /* Sources */ = {
			isa = PBXSourcesBuildPhase;
			buildActionMask = 2147483647;
			files = (
				DB6FB0A01F4DC60E0035D78A /* memorable_placesTests.swift in Sources */,
			);
			runOnlyForDeploymentPostprocessing = 0;
		};
		DB6FB0A21F4DC60E0035D78A /* Sources */ = {
			isa = PBXSourcesBuildPhase;
			buildActionMask = 2147483647;
			files = (
				DB6FB0AB1F4DC60E0035D78A /* memorable_placesUITests.swift in Sources */,
			);
			runOnlyForDeploymentPostprocessing = 0;
		};
/* End PBXSourcesBuildPhase section */

/* Begin PBXTargetDependency section */
		DB6FB09D1F4DC60E0035D78A /* PBXTargetDependency */ = {
			isa = PBXTargetDependency;
			target = DB6FB0861F4DC60E0035D78A /* memorable-places */;
			targetProxy = DB6FB09C1F4DC60E0035D78A /* PBXContainerItemProxy */;
		};
		DB6FB0A81F4DC60E0035D78A /* PBXTargetDependency */ = {
			isa = PBXTargetDependency;
			target = DB6FB0861F4DC60E0035D78A /* memorable-places */;
			targetProxy = DB6FB0A71F4DC60E0035D78A /* PBXContainerItemProxy */;
		};
/* End PBXTargetDependency section */

/* Begin PBXVariantGroup section */
		DB6FB08E1F4DC60E0035D78A /* Main.storyboard */ = {
			isa = PBXVariantGroup;
			children = (
				DB6FB08F1F4DC60E0035D78A /* Base */,
			);
			name = Main.storyboard;
			sourceTree = "<group>";
		};
		DB6FB0931F4DC60E0035D78A /* LaunchScreen.storyboard */ = {
			isa = PBXVariantGroup;
			children = (
				DB6FB0941F4DC60E0035D78A /* Base */,
			);
			name = LaunchScreen.storyboard;
			sourceTree = "<group>";
		};
/* End PBXVariantGroup section */

/* Begin XCBuildConfiguration section */
		DB6FB0AD1F4DC60E0035D78A /* Debug */ = {
			isa = XCBuildConfiguration;
			buildSettings = {
				ALWAYS_SEARCH_USER_PATHS = NO;
				CLANG_ANALYZER_NONNULL = YES;
				CLANG_ANALYZER_NUMBER_OBJECT_CONVERSION = YES_AGGRESSIVE;
				CLANG_CXX_LANGUAGE_STANDARD = "gnu++14";
				CLANG_CXX_LIBRARY = "libc++";
				CLANG_ENABLE_MODULES = YES;
				CLANG_ENABLE_OBJC_ARC = YES;
				CLANG_WARN_BLOCK_CAPTURE_AUTORELEASING = YES;
				CLANG_WARN_BOOL_CONVERSION = YES;
				CLANG_WARN_COMMA = YES;
				CLANG_WARN_CONSTANT_CONVERSION = YES;
				CLANG_WARN_DIRECT_OBJC_ISA_USAGE = YES_ERROR;
				CLANG_WARN_DOCUMENTATION_COMMENTS = YES;
				CLANG_WARN_EMPTY_BODY = YES;
				CLANG_WARN_ENUM_CONVERSION = YES;
				CLANG_WARN_INFINITE_RECURSION = YES;
				CLANG_WARN_INT_CONVERSION = YES;
				CLANG_WARN_NON_LITERAL_NULL_CONVERSION = YES;
				CLANG_WARN_OBJC_LITERAL_CONVERSION = YES;
				CLANG_WARN_OBJC_ROOT_CLASS = YES_ERROR;
				CLANG_WARN_RANGE_LOOP_ANALYSIS = YES;
				CLANG_WARN_STRICT_PROTOTYPES = YES;
				CLANG_WARN_SUSPICIOUS_MOVE = YES;
				CLANG_WARN_UNGUARDED_AVAILABILITY = YES_AGGRESSIVE;
				CLANG_WARN_UNREACHABLE_CODE = YES;
				CLANG_WARN__DUPLICATE_METHOD_MATCH = YES;
				CODE_SIGN_IDENTITY = "iPhone Developer";
				COPY_PHASE_STRIP = NO;
				DEBUG_INFORMATION_FORMAT = dwarf;
				ENABLE_STRICT_OBJC_MSGSEND = YES;
				ENABLE_TESTABILITY = YES;
				GCC_C_LANGUAGE_STANDARD = gnu11;
				GCC_DYNAMIC_NO_PIC = NO;
				GCC_NO_COMMON_BLOCKS = YES;
				GCC_OPTIMIZATION_LEVEL = 0;
				GCC_PREPROCESSOR_DEFINITIONS = (
					"DEBUG=1",
					"$(inherited)",
				);
				GCC_WARN_64_TO_32_BIT_CONVERSION = YES;
				GCC_WARN_ABOUT_RETURN_TYPE = YES_ERROR;
				GCC_WARN_UNDECLARED_SELECTOR = YES;
				GCC_WARN_UNINITIALIZED_AUTOS = YES_AGGRESSIVE;
				GCC_WARN_UNUSED_FUNCTION = YES;
				GCC_WARN_UNUSED_VARIABLE = YES;
				IPHONEOS_DEPLOYMENT_TARGET = 11.0;
				MTL_ENABLE_DEBUG_INFO = YES;
				ONLY_ACTIVE_ARCH = YES;
				SDKROOT = iphoneos;
				SWIFT_ACTIVE_COMPILATION_CONDITIONS = DEBUG;
				SWIFT_OPTIMIZATION_LEVEL = "-Onone";
			};
			name = Debug;
		};
		DB6FB0AE1F4DC60E0035D78A /* Release */ = {
			isa = XCBuildConfiguration;
			buildSettings = {
				ALWAYS_SEARCH_USER_PATHS = NO;
				CLANG_ANALYZER_NONNULL = YES;
				CLANG_ANALYZER_NUMBER_OBJECT_CONVERSION = YES_AGGRESSIVE;
				CLANG_CXX_LANGUAGE_STANDARD = "gnu++14";
				CLANG_CXX_LIBRARY = "libc++";
				CLANG_ENABLE_MODULES = YES;
				CLANG_ENABLE_OBJC_ARC = YES;
				CLANG_WARN_BLOCK_CAPTURE_AUTORELEASING = YES;
				CLANG_WARN_BOOL_CONVERSION = YES;
				CLANG_WARN_COMMA = YES;
				CLANG_WARN_CONSTANT_CONVERSION = YES;
				CLANG_WARN_DIRECT_OBJC_ISA_USAGE = YES_ERROR;
				CLANG_WARN_DOCUMENTATION_COMMENTS = YES;
				CLANG_WARN_EMPTY_BODY = YES;
				CLANG_WARN_ENUM_CONVERSION = YES;
				CLANG_WARN_INFINITE_RECURSION = YES;
				CLANG_WARN_INT_CONVERSION = YES;
				CLANG_WARN_NON_LITERAL_NULL_CONVERSION = YES;
				CLANG_WARN_OBJC_LITERAL_CONVERSION = YES;
				CLANG_WARN_OBJC_ROOT_CLASS = YES_ERROR;
				CLANG_WARN_RANGE_LOOP_ANALYSIS = YES;
				CLANG_WARN_STRICT_PROTOTYPES = YES;
				CLANG_WARN_SUSPICIOUS_MOVE = YES;
				CLANG_WARN_UNGUARDED_AVAILABILITY = YES_AGGRESSIVE;
				CLANG_WARN_UNREACHABLE_CODE = YES;
				CLANG_WARN__DUPLICATE_METHOD_MATCH = YES;
				CODE_SIGN_IDENTITY = "iPhone Developer";
				COPY_PHASE_STRIP = NO;
				DEBUG_INFORMATION_FORMAT = "dwarf-with-dsym";
				ENABLE_NS_ASSERTIONS = NO;
				ENABLE_STRICT_OBJC_MSGSEND = YES;
				GCC_C_LANGUAGE_STANDARD = gnu11;
				GCC_NO_COMMON_BLOCKS = YES;
				GCC_WARN_64_TO_32_BIT_CONVERSION = YES;
				GCC_WARN_ABOUT_RETURN_TYPE = YES_ERROR;
				GCC_WARN_UNDECLARED_SELECTOR = YES;
				GCC_WARN_UNINITIALIZED_AUTOS = YES_AGGRESSIVE;
				GCC_WARN_UNUSED_FUNCTION = YES;
				GCC_WARN_UNUSED_VARIABLE = YES;
				IPHONEOS_DEPLOYMENT_TARGET = 11.0;
				MTL_ENABLE_DEBUG_INFO = NO;
				SDKROOT = iphoneos;
				SWIFT_OPTIMIZATION_LEVEL = "-Owholemodule";
				VALIDATE_PRODUCT = YES;
			};
			name = Release;
		};
		DB6FB0B01F4DC60E0035D78A /* Debug */ = {
			isa = XCBuildConfiguration;
			buildSettings = {
				ASSETCATALOG_COMPILER_APPICON_NAME = AppIcon;
				CODE_SIGN_STYLE = Automatic;
				DEVELOPMENT_TEAM = C9B2KZDAUR;
				INFOPLIST_FILE = "memorable-places/Info.plist";
				LD_RUNPATH_SEARCH_PATHS = "$(inherited) @executable_path/Frameworks";
				PRODUCT_BUNDLE_IDENTIFIER = "com.djaustin.memorable-places";
				PRODUCT_NAME = "$(TARGET_NAME)";
				SWIFT_VERSION = 4.0;
				TARGETED_DEVICE_FAMILY = "1,2";
			};
			name = Debug;
		};
		DB6FB0B11F4DC60E0035D78A /* Release */ = {
			isa = XCBuildConfiguration;
			buildSettings = {
				ASSETCATALOG_COMPILER_APPICON_NAME = AppIcon;
				CODE_SIGN_STYLE = Automatic;
				DEVELOPMENT_TEAM = C9B2KZDAUR;
				INFOPLIST_FILE = "memorable-places/Info.plist";
				LD_RUNPATH_SEARCH_PATHS = "$(inherited) @executable_path/Frameworks";
				PRODUCT_BUNDLE_IDENTIFIER = "com.djaustin.memorable-places";
				PRODUCT_NAME = "$(TARGET_NAME)";
				SWIFT_VERSION = 4.0;
				TARGETED_DEVICE_FAMILY = "1,2";
			};
			name = Release;
		};
		DB6FB0B31F4DC60E0035D78A /* Debug */ = {
			isa = XCBuildConfiguration;
			buildSettings = {
				ALWAYS_EMBED_SWIFT_STANDARD_LIBRARIES = YES;
				BUNDLE_LOADER = "$(TEST_HOST)";
				CODE_SIGN_STYLE = Automatic;
				DEVELOPMENT_TEAM = C9B2KZDAUR;
				INFOPLIST_FILE = "memorable-placesTests/Info.plist";
				LD_RUNPATH_SEARCH_PATHS = "$(inherited) @executable_path/Frameworks @loader_path/Frameworks";
				PRODUCT_BUNDLE_IDENTIFIER = "com.djaustin.memorable-placesTests";
				PRODUCT_NAME = "$(TARGET_NAME)";
				SWIFT_VERSION = 4.0;
				TARGETED_DEVICE_FAMILY = "1,2";
				TEST_HOST = "$(BUILT_PRODUCTS_DIR)/memorable-places.app/memorable-places";
			};
			name = Debug;
		};
		DB6FB0B41F4DC60E0035D78A /* Release */ = {
			isa = XCBuildConfiguration;
			buildSettings = {
				ALWAYS_EMBED_SWIFT_STANDARD_LIBRARIES = YES;
				BUNDLE_LOADER = "$(TEST_HOST)";
				CODE_SIGN_STYLE = Automatic;
				DEVELOPMENT_TEAM = C9B2KZDAUR;
				INFOPLIST_FILE = "memorable-placesTests/Info.plist";
				LD_RUNPATH_SEARCH_PATHS = "$(inherited) @executable_path/Frameworks @loader_path/Frameworks";
				PRODUCT_BUNDLE_IDENTIFIER = "com.djaustin.memorable-placesTests";
				PRODUCT_NAME = "$(TARGET_NAME)";
				SWIFT_VERSION = 4.0;
				TARGETED_DEVICE_FAMILY = "1,2";
				TEST_HOST = "$(BUILT_PRODUCTS_DIR)/memorable-places.app/memorable-places";
			};
			name = Release;
		};
		DB6FB0B61F4DC60E0035D78A /* Debug */ = {
			isa = XCBuildConfiguration;
			buildSettings = {
				ALWAYS_EMBED_SWIFT_STANDARD_LIBRARIES = YES;
				CODE_SIGN_STYLE = Automatic;
				DEVELOPMENT_TEAM = C9B2KZDAUR;
				INFOPLIST_FILE = "memorable-placesUITests/Info.plist";
				LD_RUNPATH_SEARCH_PATHS = "$(inherited) @executable_path/Frameworks @loader_path/Frameworks";
				PRODUCT_BUNDLE_IDENTIFIER = "com.djaustin.memorable-placesUITests";
				PRODUCT_NAME = "$(TARGET_NAME)";
				SWIFT_VERSION = 4.0;
				TARGETED_DEVICE_FAMILY = "1,2";
				TEST_TARGET_NAME = "memorable-places";
			};
			name = Debug;
		};
		DB6FB0B71F4DC60E0035D78A /* Release */ = {
			isa = XCBuildConfiguration;
			buildSettings = {
				ALWAYS_EMBED_SWIFT_STANDARD_LIBRARIES = YES;
				CODE_SIGN_STYLE = Automatic;
				DEVELOPMENT_TEAM = C9B2KZDAUR;
				INFOPLIST_FILE = "memorable-placesUITests/Info.plist";
				LD_RUNPATH_SEARCH_PATHS = "$(inherited) @executable_path/Frameworks @loader_path/Frameworks";
				PRODUCT_BUNDLE_IDENTIFIER = "com.djaustin.memorable-placesUITests";
				PRODUCT_NAME = "$(TARGET_NAME)";
				SWIFT_VERSION = 4.0;
				TARGETED_DEVICE_FAMILY = "1,2";
				TEST_TARGET_NAME = "memorable-places";
			};
			name = Release;
		};
/* End XCBuildConfiguration section */

/* Begin XCConfigurationList section */
		DB6FB0821F4DC60E0035D78A /* Build configuration list for PBXProject "memorable-places" */ = {
			isa = XCConfigurationList;
			buildConfigurations = (
				DB6FB0AD1F4DC60E0035D78A /* Debug */,
				DB6FB0AE1F4DC60E0035D78A /* Release */,
			);
			defaultConfigurationIsVisible = 0;
			defaultConfigurationName = Release;
		};
		DB6FB0AF1F4DC60E0035D78A /* Build configuration list for PBXNativeTarget "memorable-places" */ = {
			isa = XCConfigurationList;
			buildConfigurations = (
				DB6FB0B01F4DC60E0035D78A /* Debug */,
				DB6FB0B11F4DC60E0035D78A /* Release */,
			);
			defaultConfigurationIsVisible = 0;
			defaultConfigurationName = Release;
		};
		DB6FB0B21F4DC60E0035D78A /* Build configuration list for PBXNativeTarget "memorable-placesTests" */ = {
			isa = XCConfigurationList;
			buildConfigurations = (
				DB6FB0B31F4DC60E0035D78A /* Debug */,
				DB6FB0B41F4DC60E0035D78A /* Release */,
			);
			defaultConfigurationIsVisible = 0;
			defaultConfigurationName = Release;
		};
		DB6FB0B51F4DC60E0035D78A /* Build configuration list for PBXNativeTarget "memorable-placesUITests" */ = {
			isa = XCConfigurationList;
			buildConfigurations = (
				DB6FB0B61F4DC60E0035D78A /* Debug */,
				DB6FB0B71F4DC60E0035D78A /* Release */,
			);
			defaultConfigurationIsVisible = 0;
			defaultConfigurationName = Release;
		};
/* End XCConfigurationList section */
	};
	rootObject = DB6FB07F1F4DC60E0035D78A /* Project object */;
}
